Microsoft Visual Studio Solution File, Format Version 12.00
# Visual Studio Version 17
VisualStudioVersion = 17.5.2.0
MinimumVisualStudioVersion = 10.0.40219.1
Project("{2150E333-8FDC-42A3-9474-1A3956D46DE8}") = "backend", "backend", "{C5250FBF-E54D-85C6-81F0-B66475B36E7E}"
EndProject
Project("{FAE04EC0-301F-11D3-BF4B-00C04F79EFBC}") = "CafeteriaAPI", "backend\CafeteriaAPI\CafeteriaAPI.csproj", "{0A488D7A-E5A8-4DFF-D9B3-F755B24C98BC}"
EndProject
Global
	GlobalSection(SolutionConfigurationPlatforms) = preSolution
		Debug|Any CPU = Debug|Any CPU
		Release|Any CPU = Release|Any CPU
	EndGlobalSection
	GlobalSection(ProjectConfigurationPlatforms) = postSolution
		{0A488D7A-E5A8-4DFF-D9B3-F755B24C98BC}.Debug|Any CPU.ActiveCfg = Debug|Any CPU
		{0A488D7A-E5A8-4DFF-D9B3-F755B24C98BC}.Debug|Any CPU.Build.0 = Debug|Any CPU
		{0A488D7A-E5A8-4DFF-D9B3-F755B24C98BC}.Release|Any CPU.ActiveCfg = Release|Any CPU
		{0A488D7A-E5A8-4DFF-D9B3-F755B24C98BC}.Release|Any CPU.Build.0 = Release|Any CPU
	EndGlobalSection
	GlobalSection(SolutionProperties) = preSolution
		HideSolutionNode = FALSE
	EndGlobalSection
	GlobalSection(NestedProjects) = preSolution
		{0A488D7A-E5A8-4DFF-D9B3-F755B24C98BC} = {C5250FBF-E54D-85C6-81F0-B66475B36E7E}
	EndGlobalSection
	GlobalSection(StartupProjects) = postSolution
		{0A488D7A-E5A8-4DFF-D9B3-F755B24C98BC} = {0A488D7A-E5A8-4DFF-D9B3-F755B24C98BC}
	EndGlobalSection
	GlobalSection(ExtensibilityGlobals) = postSolution
		SolutionGuid = {70427671-96B4-45F8-84FF-37A5BD7C6D86}
	EndGlobalSection
EndGlobal
